
Microsoft Visual Studio Solution File, Format Version 12.00
# Visual Studio 15
VisualStudioVersion = 15.0.27130.2027
MinimumVisualStudioVersion = 10.0.40219.1
Project("{9A19103F-16F7-4668-BE54-9A1E7A4F7556}") = "Common", "src\Common\Common.csproj", "{0EED13AF-EF1C-4E32-9A03-0270021D6C59}"
EndProject
Project("{9A19103F-16F7-4668-BE54-9A1E7A4F7556}") = "Entities", "src\Entities\Entities.csproj", "{F345542B-71F5-4D66-A0DA-2E812B92A5D4}"
EndProject
Project("{9A19103F-16F7-4668-BE54-9A1E7A4F7556}") = "Entities.NHibernate", "src\Entities.NHibernate\Entities.NHibernate.csproj", "{879EF55E-7E84-4ABC-AE1C-F9462B783F59}"
EndProject
Project("{9A19103F-16F7-4668-BE54-9A1E7A4F7556}") = "IO", "src\IO\IO.csproj", "{9BF32239-2034-46C7-B42D-4325125A2FDD}"
EndProject
Project("{9A19103F-16F7-4668-BE54-9A1E7A4F7556}") = "Database", "src\Database\Database.csproj", "{6493EC05-101A-4964-870D-5B4CBD0718F6}"
EndProject
Project("{FAE04EC0-301F-11D3-BF4B-00C04F79EFBC}") = "Database.Tests", "tests\Database.Tests\Database.Tests.csproj", "{31D24906-1FE5-4103-A56C-9498A01A10A4}"
EndProject
Project("{2150E333-8FDC-42A3-9474-1A3956D46DE8}") = "Solution Items", "Solution Items", "{8D820CA3-9FB4-42B8-828B-CCA3FF1DC185}"
	ProjectSection(SolutionItems) = preProject
		.editorconfig = .editorconfig
	EndProjectSection
EndProject
Global
	GlobalSection(SolutionConfigurationPlatforms) = preSolution
		Debug|Any CPU = Debug|Any CPU
		Release|Any CPU = Release|Any CPU
	EndGlobalSection
	GlobalSection(ProjectConfigurationPlatforms) = postSolution
		{0EED13AF-EF1C-4E32-9A03-0270021D6C59}.Debug|Any CPU.ActiveCfg = Debug|Any CPU
		{0EED13AF-EF1C-4E32-9A03-0270021D6C59}.Debug|Any CPU.Build.0 = Debug|Any CPU
		{0EED13AF-EF1C-4E32-9A03-0270021D6C59}.Release|Any CPU.ActiveCfg = Release|Any CPU
		{0EED13AF-EF1C-4E32-9A03-0270021D6C59}.Release|Any CPU.Build.0 = Release|Any CPU
		{F345542B-71F5-4D66-A0DA-2E812B92A5D4}.Debug|Any CPU.ActiveCfg = Debug|Any CPU
		{F345542B-71F5-4D66-A0DA-2E812B92A5D4}.Debug|Any CPU.Build.0 = Debug|Any CPU
		{F345542B-71F5-4D66-A0DA-2E812B92A5D4}.Release|Any CPU.ActiveCfg = Release|Any CPU
		{F345542B-71F5-4D66-A0DA-2E812B92A5D4}.Release|Any CPU.Build.0 = Release|Any CPU
		{879EF55E-7E84-4ABC-AE1C-F9462B783F59}.Debug|Any CPU.ActiveCfg = Debug|Any CPU
		{879EF55E-7E84-4ABC-AE1C-F9462B783F59}.Debug|Any CPU.Build.0 = Debug|Any CPU
		{879EF55E-7E84-4ABC-AE1C-F9462B783F59}.Release|Any CPU.ActiveCfg = Release|Any CPU
		{879EF55E-7E84-4ABC-AE1C-F9462B783F59}.Release|Any CPU.Build.0 = Release|Any CPU
		{9BF32239-2034-46C7-B42D-4325125A2FDD}.Debug|Any CPU.ActiveCfg = Debug|Any CPU
		{9BF32239-2034-46C7-B42D-4325125A2FDD}.Debug|Any CPU.Build.0 = Debug|Any CPU
		{9BF32239-2034-46C7-B42D-4325125A2FDD}.Release|Any CPU.ActiveCfg = Release|Any CPU
		{9BF32239-2034-46C7-B42D-4325125A2FDD}.Release|Any CPU.Build.0 = Release|Any CPU
		{6493EC05-101A-4964-870D-5B4CBD0718F6}.Debug|Any CPU.ActiveCfg = Debug|Any CPU
		{6493EC05-101A-4964-870D-5B4CBD0718F6}.Debug|Any CPU.Build.0 = Debug|Any CPU
		{6493EC05-101A-4964-870D-5B4CBD0718F6}.Release|Any CPU.ActiveCfg = Release|Any CPU
		{6493EC05-101A-4964-870D-5B4CBD0718F6}.Release|Any CPU.Build.0 = Release|Any CPU
		{31D24906-1FE5-4103-A56C-9498A01A10A4}.Debug|Any CPU.ActiveCfg = Debug|Any CPU
		{31D24906-1FE5-4103-A56C-9498A01A10A4}.Debug|Any CPU.Build.0 = Debug|Any CPU
		{31D24906-1FE5-4103-A56C-9498A01A10A4}.Release|Any CPU.ActiveCfg = Release|Any CPU
		{31D24906-1FE5-4103-A56C-9498A01A10A4}.Release|Any CPU.Build.0 = Release|Any CPU
	EndGlobalSection
	GlobalSection(SolutionProperties) = preSolution
		HideSolutionNode = FALSE
	EndGlobalSection
	GlobalSection(ExtensibilityGlobals) = postSolution
		SolutionGuid = {5E37E231-D29F-483B-ACFB-7983C9F0510A}
	EndGlobalSection
EndGlobal
